
Microsoft Visual Studio Solution File, Format Version 12.00
# Visual Studio Version 17
VisualStudioVersion = 17.10.35027.167
MinimumVisualStudioVersion = 10.0.40219.1
Project("{9A19103F-16F7-4668-BE54-9A1E7A4F7556}") = "EventHub.Producer", "src\EventHub.Producer\EventHub.Producer.csproj", "{8ED2AAF7-1A0F-4C5F-8CAF-E81269AC5209}"
EndProject
Project("{FAE04EC0-301F-11D3-BF4B-00C04F79EFBC}") = "EventHub.Core", "src\EventHub.Core\EventHub.Core.csproj", "{4E996563-1D4B-45B8-8FB6-4BA2456393DD}"
EndProject
Project("{FAE04EC0-301F-11D3-BF4B-00C04F79EFBC}") = "EventHub.Consumer", "src\EventHub.Consumer\EventHub.Consumer.csproj", "{250ADFAB-36AF-4220-A38E-B730EF1FD38D}"
EndProject
Global
	GlobalSection(SolutionConfigurationPlatforms) = preSolution
		Debug|Any CPU = Debug|Any CPU
		Release|Any CPU = Release|Any CPU
	EndGlobalSection
	GlobalSection(ProjectConfigurationPlatforms) = postSolution
		{8ED2AAF7-1A0F-4C5F-8CAF-E81269AC5209}.Debug|Any CPU.ActiveCfg = Debug|Any CPU
		{8ED2AAF7-1A0F-4C5F-8CAF-E81269AC5209}.Debug|Any CPU.Build.0 = Debug|Any CPU
		{8ED2AAF7-1A0F-4C5F-8CAF-E81269AC5209}.Release|Any CPU.ActiveCfg = Release|Any CPU
		{8ED2AAF7-1A0F-4C5F-8CAF-E81269AC5209}.Release|Any CPU.Build.0 = Release|Any CPU
		{4E996563-1D4B-45B8-8FB6-4BA2456393DD}.Debug|Any CPU.ActiveCfg = Debug|Any CPU
		{4E996563-1D4B-45B8-8FB6-4BA2456393DD}.Debug|Any CPU.Build.0 = Debug|Any CPU
		{4E996563-1D4B-45B8-8FB6-4BA2456393DD}.Release|Any CPU.ActiveCfg = Release|Any CPU
		{4E996563-1D4B-45B8-8FB6-4BA2456393DD}.Release|Any CPU.Build.0 = Release|Any CPU
		{250ADFAB-36AF-4220-A38E-B730EF1FD38D}.Debug|Any CPU.ActiveCfg = Debug|Any CPU
		{250ADFAB-36AF-4220-A38E-B730EF1FD38D}.Debug|Any CPU.Build.0 = Debug|Any CPU
		{250ADFAB-36AF-4220-A38E-B730EF1FD38D}.Release|Any CPU.ActiveCfg = Release|Any CPU
		{250ADFAB-36AF-4220-A38E-B730EF1FD38D}.Release|Any CPU.Build.0 = Release|Any CPU
	EndGlobalSection
	GlobalSection(SolutionProperties) = preSolution
		HideSolutionNode = FALSE
	EndGlobalSection
	GlobalSection(ExtensibilityGlobals) = postSolution
		SolutionGuid = {6FCFEC86-C167-4D2E-B082-87599E38A14C}
	EndGlobalSection
EndGlobal
